// !$*UTF8*$!
{
	archiveVersion = 1;
	classes = {
	};
	objectVersion = 50;
	objects = {

/* Begin PBXBuildFile section */
		175BAB1E22B9393B00A8624D /* AppDelegate.swift in Sources */ = {isa = PBXBuildFile; fileRef = 175BAB1D22B9393B00A8624D /* AppDelegate.swift */; };
		175BAB2022B9393B00A8624D /* TodoListViewController.swift in Sources */ = {isa = PBXBuildFile; fileRef = 175BAB1F22B9393B00A8624D /* TodoListViewController.swift */; };
		175BAB2322B9393B00A8624D /* Main.storyboard in Resources */ = {isa = PBXBuildFile; fileRef = 175BAB2122B9393B00A8624D /* Main.storyboard */; };
		175BAB2522B9393C00A8624D /* Assets.xcassets in Resources */ = {isa = PBXBuildFile; fileRef = 175BAB2422B9393C00A8624D /* Assets.xcassets */; };
		175BAB2822B9393C00A8624D /* LaunchScreen.storyboard in Resources */ = {isa = PBXBuildFile; fileRef = 175BAB2622B9393C00A8624D /* LaunchScreen.storyboard */; };
		17C3CB5522BC144B00C193D3 /* DataModel.xcdatamodeld in Sources */ = {isa = PBXBuildFile; fileRef = 17C3CB5322BC144B00C193D3 /* DataModel.xcdatamodeld */; };
		17C3CB5722BC2CF400C193D3 /* CategoryViewController.swift in Sources */ = {isa = PBXBuildFile; fileRef = 17C3CB5622BC2CF400C193D3 /* CategoryViewController.swift */; };
		A67E3AE516EC716D31C41C34 /* Pods_Todoey.framework in Frameworks */ = {isa = PBXBuildFile; fileRef = 0E9BA2FC24652CA002F75C5C /* Pods_Todoey.framework */; };
/* End PBXBuildFile section */

/* Begin PBXFileReference section */
		054FE8FC43C2838AD79A496B /* Pods-Todoey.debug.xcconfig */ = {isa = PBXFileReference; includeInIndex = 1; lastKnownFileType = text.xcconfig; name = "Pods-Todoey.debug.xcconfig"; path = "Target Support Files/Pods-Todoey/Pods-Todoey.debug.xcconfig"; sourceTree = "<group>"; };
		0E9BA2FC24652CA002F75C5C /* Pods_Todoey.framework */ = {isa = PBXFileReference; explicitFileType = wrapper.framework; includeInIndex = 0; path = Pods_Todoey.framework; sourceTree = BUILT_PRODUCTS_DIR; };
		175BAB1A22B9393B00A8624D /* Todoey.app */ = {isa = PBXFileReference; explicitFileType = wrapper.application; includeInIndex = 0; path = Todoey.app; sourceTree = BUILT_PRODUCTS_DIR; };
		175BAB1D22B9393B00A8624D /* AppDelegate.swift */ = {isa = PBXFileReference; lastKnownFileType = sourcecode.swift; path = AppDelegate.swift; sourceTree = "<group>"; };
		175BAB1F22B9393B00A8624D /* TodoListViewController.swift */ = {isa = PBXFileReference; lastKnownFileType = sourcecode.swift; path = TodoListViewController.swift; sourceTree = "<group>"; };
		175BAB2222B9393B00A8624D /* Base */ = {isa = PBXFileReference; lastKnownFileType = file.storyboard; name = Base; path = Base.lproj/Main.storyboard; sourceTree = "<group>"; };
		175BAB2422B9393C00A8624D /* Assets.xcassets */ = {isa = PBXFileReference; lastKnownFileType = folder.assetcatalog; path = Assets.xcassets; sourceTree = "<group>"; };
		175BAB2722B9393C00A8624D /* Base */ = {isa = PBXFileReference; lastKnownFileType = file.storyboard; name = Base; path = Base.lproj/LaunchScreen.storyboard; sourceTree = "<group>"; };
		175BAB2922B9393C00A8624D /* Info.plist */ = {isa = PBXFileReference; lastKnownFileType = text.plist.xml; path = Info.plist; sourceTree = "<group>"; };
		17C3CB5422BC144B00C193D3 /* DataModel.xcdatamodel */ = {isa = PBXFileReference; lastKnownFileType = wrapper.xcdatamodel; path = DataModel.xcdatamodel; sourceTree = "<group>"; };
		17C3CB5622BC2CF400C193D3 /* CategoryViewController.swift */ = {isa = PBXFileReference; lastKnownFileType = sourcecode.swift; path = CategoryViewController.swift; sourceTree = "<group>"; };
		77A0E8277E04B6B995C122AE /* Pods-Todoey.release.xcconfig */ = {isa = PBXFileReference; includeInIndex = 1; lastKnownFileType = text.xcconfig; name = "Pods-Todoey.release.xcconfig"; path = "Target Support Files/Pods-Todoey/Pods-Todoey.release.xcconfig"; sourceTree = "<group>"; };
/* End PBXFileReference section */

/* Begin PBXFrameworksBuildPhase section */
		175BAB1722B9393B00A8624D /* Frameworks */ = {
			isa = PBXFrameworksBuildPhase;
			buildActionMask = 2147483647;
			files = (
				A67E3AE516EC716D31C41C34 /* Pods_Todoey.framework in Frameworks */,
			);
			runOnlyForDeploymentPostprocessing = 0;
		};
/* End PBXFrameworksBuildPhase section */

/* Begin PBXGroup section */
		175BAB1122B9393B00A8624D = {
			isa = PBXGroup;
			children = (
				175BAB1B22B9393B00A8624D /* Products */,
				175BAB1C22B9393B00A8624D /* Todoey */,
				BB84BE302079B25169ED13F1 /* Pods */,
				38296F54347DCE5567731D76 /* Frameworks */,
			);
			sourceTree = "<group>";
		};
		175BAB1B22B9393B00A8624D /* Products */ = {
			isa = PBXGroup;
			children = (
				175BAB1A22B9393B00A8624D /* Todoey.app */,
			);
			name = Products;
			sourceTree = "<group>";
		};
		175BAB1C22B9393B00A8624D /* Todoey */ = {
			isa = PBXGroup;
			children = (
				175BAB3422B98CC600A8624D /* Supporting Files */,
				175BAB3322B98CBE00A8624D /* View */,
				175BAB3222B98CB100A8624D /* Controller */,
				175BAB3122B98CA800A8624D /* Data Model */,
				175BAB1D22B9393B00A8624D /* AppDelegate.swift */,
				175BAB2922B9393C00A8624D /* Info.plist */,
			);
			path = Todoey;
			sourceTree = "<group>";
		};
		175BAB3122B98CA800A8624D /* Data Model */ = {
			isa = PBXGroup;
			children = (
				17C3CB5322BC144B00C193D3 /* DataModel.xcdatamodeld */,
			);
			path = "Data Model";
			sourceTree = "<group>";
		};
		175BAB3222B98CB100A8624D /* Controller */ = {
			isa = PBXGroup;
			children = (
				17C3CB5622BC2CF400C193D3 /* CategoryViewController.swift */,
				175BAB1F22B9393B00A8624D /* TodoListViewController.swift */,
			);
			path = Controller;
			sourceTree = "<group>";
		};
		175BAB3322B98CBE00A8624D /* View */ = {
			isa = PBXGroup;
			children = (
				175BAB2122B9393B00A8624D /* Main.storyboard */,
			);
			path = View;
			sourceTree = "<group>";
		};
		175BAB3422B98CC600A8624D /* Supporting Files */ = {
			isa = PBXGroup;
			children = (
				175BAB2422B9393C00A8624D /* Assets.xcassets */,
				175BAB2622B9393C00A8624D /* LaunchScreen.storyboard */,
			);
			path = "Supporting Files";
			sourceTree = "<group>";
		};
		38296F54347DCE5567731D76 /* Frameworks */ = {
			isa = PBXGroup;
			children = (
				0E9BA2FC24652CA002F75C5C /* Pods_Todoey.framework */,
			);
			name = Frameworks;
			sourceTree = "<group>";
		};
		BB84BE302079B25169ED13F1 /* Pods */ = {
			isa = PBXGroup;
			children = (
				054FE8FC43C2838AD79A496B /* Pods-Todoey.debug.xcconfig */,
				77A0E8277E04B6B995C122AE /* Pods-Todoey.release.xcconfig */,
			);
			name = Pods;
			path = Pods;
			sourceTree = "<group>";
		};
/* End PBXGroup section */

/* Begin PBXNativeTarget section */
		175BAB1922B9393B00A8624D /* Todoey */ = {
			isa = PBXNativeTarget;
			buildConfigurationList = 175BAB2C22B9393C00A8624D /* Build configuration list for PBXNativeTarget "Todoey" */;
			buildPhases = (
				29CA4DF5903D963F6DF47771 /* [CP] Check Pods Manifest.lock */,
				175BAB1622B9393B00A8624D /* Sources */,
				175BAB1722B9393B00A8624D /* Frameworks */,
				175BAB1822B9393B00A8624D /* Resources */,
				7FAF0E4CF513F76BB439794A /* [CP] Embed Pods Frameworks */,
			);
			buildRules = (
			);
			dependencies = (
			);
			name = Todoey;
			productName = Todoey;
			productReference = 175BAB1A22B9393B00A8624D /* Todoey.app */;
			productType = "com.apple.product-type.application";
		};
/* End PBXNativeTarget section */

/* Begin PBXProject section */
		175BAB1222B9393B00A8624D /* Project object */ = {
			isa = PBXProject;
			attributes = {
				LastSwiftUpdateCheck = 1020;
				LastUpgradeCheck = 1020;
				ORGANIZATIONNAME = "Zaldes Media";
				TargetAttributes = {
					175BAB1922B9393B00A8624D = {
						CreatedOnToolsVersion = 10.2.1;
					};
				};
			};
			buildConfigurationList = 175BAB1522B9393B00A8624D /* Build configuration list for PBXProject "Todoey" */;
			compatibilityVersion = "Xcode 9.3";
			developmentRegion = en;
			hasScannedForEncodings = 0;
			knownRegions = (
				en,
				Base,
			);
			mainGroup = 175BAB1122B9393B00A8624D;
			productRefGroup = 175BAB1B22B9393B00A8624D /* Products */;
			projectDirPath = "";
			projectRoot = "";
			targets = (
				175BAB1922B9393B00A8624D /* Todoey */,
			);
		};
/* End PBXProject section */

/* Begin PBXResourcesBuildPhase section */
		175BAB1822B9393B00A8624D /* Resources */ = {
			isa = PBXResourcesBuildPhase;
			buildActionMask = 2147483647;
			files = (
				175BAB2822B9393C00A8624D /* LaunchScreen.storyboard in Resources */,
				175BAB2522B9393C00A8624D /* Assets.xcassets in Resources */,
				175BAB2322B9393B00A8624D /* Main.storyboard in Resources */,
			);
			runOnlyForDeploymentPostprocessing = 0;
		};
/* End PBXResourcesBuildPhase section */

/* Begin PBXShellScriptBuildPhase section */
		29CA4DF5903D963F6DF47771 /* [CP] Check Pods Manifest.lock */ = {
			isa = PBXShellScriptBuildPhase;
			buildActionMask = 2147483647;
			files = (
			);
			inputFileListPaths = (
			);
			inputPaths = (
				"${PODS_PODFILE_DIR_PATH}/Podfile.lock",
				"${PODS_ROOT}/Manifest.lock",
			);
			name = "[CP] Check Pods Manifest.lock";
			outputFileListPaths = (
			);
			outputPaths = (
				"$(DERIVED_FILE_DIR)/Pods-Todoey-checkManifestLockResult.txt",
			);
			runOnlyForDeploymentPostprocessing = 0;
			shellPath = /bin/sh;
			shellScript = "diff \"${PODS_PODFILE_DIR_PATH}/Podfile.lock\" \"${PODS_ROOT}/Manifest.lock\" > /dev/null\nif [ $? != 0 ] ; then\n    # print error to STDERR\n    echo \"error: The sandbox is not in sync with the Podfile.lock. Run 'pod install' or update your CocoaPods installation.\" >&2\n    exit 1\nfi\n# This output is used by Xcode 'outputs' to avoid re-running this script phase.\necho \"SUCCESS\" > \"${SCRIPT_OUTPUT_FILE_0}\"\n";
			showEnvVarsInLog = 0;
		};
		7FAF0E4CF513F76BB439794A /* [CP] Embed Pods Frameworks */ = {
			isa = PBXShellScriptBuildPhase;
			buildActionMask = 2147483647;
			files = (
			);
			inputFileListPaths = (
				"${PODS_ROOT}/Target Support Files/Pods-Todoey/Pods-Todoey-frameworks-${CONFIGURATION}-input-files.xcfilelist",
			);
			name = "[CP] Embed Pods Frameworks";
			outputFileListPaths = (
				"${PODS_ROOT}/Target Support Files/Pods-Todoey/Pods-Todoey-frameworks-${CONFIGURATION}-output-files.xcfilelist",
			);
			runOnlyForDeploymentPostprocessing = 0;
			shellPath = /bin/sh;
			shellScript = "\"${PODS_ROOT}/Target Support Files/Pods-Todoey/Pods-Todoey-frameworks.sh\"\n";
			showEnvVarsInLog = 0;
		};
/* End PBXShellScriptBuildPhase section */

/* Begin PBXSourcesBuildPhase section */
		175BAB1622B9393B00A8624D /* Sources */ = {
			isa = PBXSourcesBuildPhase;
			buildActionMask = 2147483647;
			files = (
				17C3CB5722BC2CF400C193D3 /* CategoryViewController.swift in Sources */,
				175BAB2022B9393B00A8624D /* TodoListViewController.swift in Sources */,
				17C3CB5522BC144B00C193D3 /* DataModel.xcdatamodeld in Sources */,
				175BAB1E22B9393B00A8624D /* AppDelegate.swift in Sources */,
			);
			runOnlyForDeploymentPostprocessing = 0;
		};
/* End PBXSourcesBuildPhase section */

/* Begin PBXVariantGroup section */
		175BAB2122B9393B00A8624D /* Main.storyboard */ = {
			isa = PBXVariantGroup;
			children = (
				175BAB2222B9393B00A8624D /* Base */,
			);
			name = Main.storyboard;
			sourceTree = "<group>";
		};
		175BAB2622B9393C00A8624D /* LaunchScreen.storyboard */ = {
			isa = PBXVariantGroup;
			children = (
				175BAB2722B9393C00A8624D /* Base */,
			);
			name = LaunchScreen.storyboard;
			sourceTree = "<group>";
		};
/* End PBXVariantGroup section */

/* Begin XCBuildConfiguration section */
		175BAB2A22B9393C00A8624D /* Debug */ = {
			isa = XCBuildConfiguration;
			buildSettings = {
				ALWAYS_SEARCH_USER_PATHS = NO;
				CLANG_ANALYZER_NONNULL = YES;
				CLANG_ANALYZER_NUMBER_OBJECT_CONVERSION = YES_AGGRESSIVE;
				CLANG_CXX_LANGUAGE_STANDARD = "gnu++14";
				CLANG_CXX_LIBRARY = "libc++";
				CLANG_ENABLE_MODULES = YES;
				CLANG_ENABLE_OBJC_ARC = YES;
				CLANG_ENABLE_OBJC_WEAK = YES;
				CLANG_WARN_BLOCK_CAPTURE_AUTORELEASING = YES;
				CLANG_WARN_BOOL_CONVERSION = YES;
				CLANG_WARN_COMMA = YES;
				CLANG_WARN_CONSTANT_CONVERSION = YES;
				CLANG_WARN_DEPRECATED_OBJC_IMPLEMENTATIONS = YES;
				CLANG_WARN_DIRECT_OBJC_ISA_USAGE = YES_ERROR;
				CLANG_WARN_DOCUMENTATION_COMMENTS = YES;
				CLANG_WARN_EMPTY_BODY = YES;
				CLANG_WARN_ENUM_CONVERSION = YES;
				CLANG_WARN_INFINITE_RECURSION = YES;
				CLANG_WARN_INT_CONVERSION = YES;
				CLANG_WARN_NON_LITERAL_NULL_CONVERSION = YES;
				CLANG_WARN_OBJC_IMPLICIT_RETAIN_SELF = YES;
				CLANG_WARN_OBJC_LITERAL_CONVERSION = YES;
				CLANG_WARN_OBJC_ROOT_CLASS = YES_ERROR;
				CLANG_WARN_RANGE_LOOP_ANALYSIS = YES;
				CLANG_WARN_STRICT_PROTOTYPES = YES;
				CLANG_WARN_SUSPICIOUS_MOVE = YES;
				CLANG_WARN_UNGUARDED_AVAILABILITY = YES_AGGRESSIVE;
				CLANG_WARN_UNREACHABLE_CODE = YES;
				CLANG_WARN__DUPLICATE_METHOD_MATCH = YES;
				CODE_SIGN_IDENTITY = "iPhone Developer";
				COPY_PHASE_STRIP = NO;
				DEBUG_INFORMATION_FORMAT = dwarf;
				ENABLE_STRICT_OBJC_MSGSEND = YES;
				ENABLE_TESTABILITY = YES;
				GCC_C_LANGUAGE_STANDARD = gnu11;
				GCC_DYNAMIC_NO_PIC = NO;
				GCC_NO_COMMON_BLOCKS = YES;
				GCC_OPTIMIZATION_LEVEL = 0;
				GCC_PREPROCESSOR_DEFINITIONS = (
					"DEBUG=1",
					"$(inherited)",
				);
				GCC_WARN_64_TO_32_BIT_CONVERSION = YES;
				GCC_WARN_ABOUT_RETURN_TYPE = YES_ERROR;
				GCC_WARN_UNDECLARED_SELECTOR = YES;
				GCC_WARN_UNINITIALIZED_AUTOS = YES_AGGRESSIVE;
				GCC_WARN_UNUSED_FUNCTION = YES;
				GCC_WARN_UNUSED_VARIABLE = YES;
				IPHONEOS_DEPLOYMENT_TARGET = 12.2;
				MTL_ENABLE_DEBUG_INFO = INCLUDE_SOURCE;
				MTL_FAST_MATH = YES;
				ONLY_ACTIVE_ARCH = YES;
				SDKROOT = iphoneos;
				SWIFT_ACTIVE_COMPILATION_CONDITIONS = DEBUG;
				SWIFT_OPTIMIZATION_LEVEL = "-Onone";
			};
			name = Debug;
		};
		175BAB2B22B9393C00A8624D /* Release */ = {
			isa = XCBuildConfiguration;
			buildSettings = {
				ALWAYS_SEARCH_USER_PATHS = NO;
				CLANG_ANALYZER_NONNULL = YES;
				CLANG_ANALYZER_NUMBER_OBJECT_CONVERSION = YES_AGGRESSIVE;
				CLANG_CXX_LANGUAGE_STANDARD = "gnu++14";
				CLANG_CXX_LIBRARY = "libc++";
				CLANG_ENABLE_MODULES = YES;
				CLANG_ENABLE_OBJC_ARC = YES;
				CLANG_ENABLE_OBJC_WEAK = YES;
				CLANG_WARN_BLOCK_CAPTURE_AUTORELEASING = YES;
				CLANG_WARN_BOOL_CONVERSION = YES;
				CLANG_WARN_COMMA = YES;
				CLANG_WARN_CONSTANT_CONVERSION = YES;
				CLANG_WARN_DEPRECATED_OBJC_IMPLEMENTATIONS = YES;
				CLANG_WARN_DIRECT_OBJC_ISA_USAGE = YES_ERROR;
				CLANG_WARN_DOCUMENTATION_COMMENTS = YES;
				CLANG_WARN_EMPTY_BODY = YES;
				CLANG_WARN_ENUM_CONVERSION = YES;
				CLANG_WARN_INFINITE_RECURSION = YES;
				CLANG_WARN_INT_CONVERSION = YES;
				CLANG_WARN_NON_LITERAL_NULL_CONVERSION = YES;
				CLANG_WARN_OBJC_IMPLICIT_RETAIN_SELF = YES;
				CLANG_WARN_OBJC_LITERAL_CONVERSION = YES;
				CLANG_WARN_OBJC_ROOT_CLASS = YES_ERROR;
				CLANG_WARN_RANGE_LOOP_ANALYSIS = YES;
				CLANG_WARN_STRICT_PROTOTYPES = YES;
				CLANG_WARN_SUSPICIOUS_MOVE = YES;
				CLANG_WARN_UNGUARDED_AVAILABILITY = YES_AGGRESSIVE;
				CLANG_WARN_UNREACHABLE_CODE = YES;
				CLANG_WARN__DUPLICATE_METHOD_MATCH = YES;
				CODE_SIGN_IDENTITY = "iPhone Developer";
				COPY_PHASE_STRIP = NO;
				DEBUG_INFORMATION_FORMAT = "dwarf-with-dsym";
				ENABLE_NS_ASSERTIONS = NO;
				ENABLE_STRICT_OBJC_MSGSEND = YES;
				GCC_C_LANGUAGE_STANDARD = gnu11;
				GCC_NO_COMMON_BLOCKS = YES;
				GCC_WARN_64_TO_32_BIT_CONVERSION = YES;
				GCC_WARN_ABOUT_RETURN_TYPE = YES_ERROR;
				GCC_WARN_UNDECLARED_SELECTOR = YES;
				GCC_WARN_UNINITIALIZED_AUTOS = YES_AGGRESSIVE;
				GCC_WARN_UNUSED_FUNCTION = YES;
				GCC_WARN_UNUSED_VARIABLE = YES;
				IPHONEOS_DEPLOYMENT_TARGET = 12.2;
				MTL_ENABLE_DEBUG_INFO = NO;
				MTL_FAST_MATH = YES;
				SDKROOT = iphoneos;
				SWIFT_COMPILATION_MODE = wholemodule;
				SWIFT_OPTIMIZATION_LEVEL = "-O";
				VALIDATE_PRODUCT = YES;
			};
			name = Release;
		};
		175BAB2D22B9393C00A8624D /* Debug */ = {
			isa = XCBuildConfiguration;
			baseConfigurationReference = 054FE8FC43C2838AD79A496B /* Pods-Todoey.debug.xcconfig */;
			buildSettings = {
				ASSETCATALOG_COMPILER_APPICON_NAME = AppIcon;
				CODE_SIGN_STYLE = Automatic;
				DEVELOPMENT_TEAM = 5UNG8R7W68;
				INFOPLIST_FILE = Todoey/Info.plist;
				LD_RUNPATH_SEARCH_PATHS = (
					"$(inherited)",
					"@executable_path/Frameworks",
				);
				PRODUCT_BUNDLE_IDENTIFIER = com.zaldesmedia.Todoey;
				PRODUCT_NAME = "$(TARGET_NAME)";
				SWIFT_VERSION = 5.0;
				TARGETED_DEVICE_FAMILY = "1,2";
			};
			name = Debug;
		};
		175BAB2E22B9393C00A8624D /* Release */ = {
			isa = XCBuildConfiguration;
			baseConfigurationReference = 77A0E8277E04B6B995C122AE /* Pods-Todoey.release.xcconfig */;
			buildSettings = {
				ASSETCATALOG_COMPILER_APPICON_NAME = AppIcon;
				CODE_SIGN_STYLE = Automatic;
				DEVELOPMENT_TEAM = 5UNG8R7W68;
				INFOPLIST_FILE = Todoey/Info.plist;
				LD_RUNPATH_SEARCH_PATHS = (
					"$(inherited)",
					"@executable_path/Frameworks",
				);
				PRODUCT_BUNDLE_IDENTIFIER = com.zaldesmedia.Todoey;
				PRODUCT_NAME = "$(TARGET_NAME)";
				SWIFT_VERSION = 5.0;
				TARGETED_DEVICE_FAMILY = "1,2";
			};
			name = Release;
		};
/* End XCBuildConfiguration section */

/* Begin XCConfigurationList section */
		175BAB1522B9393B00A8624D /* Build configuration list for PBXProject "Todoey" */ = {
			isa = XCConfigurationList;
			buildConfigurations = (
				175BAB2A22B9393C00A8624D /* Debug */,
				175BAB2B22B9393C00A8624D /* Release */,
			);
			defaultConfigurationIsVisible = 0;
			defaultConfigurationName = Release;
		};
		175BAB2C22B9393C00A8624D /* Build configuration list for PBXNativeTarget "Todoey" */ = {
			isa = XCConfigurationList;
			buildConfigurations = (
				175BAB2D22B9393C00A8624D /* Debug */,
				175BAB2E22B9393C00A8624D /* Release */,
			);
			defaultConfigurationIsVisible = 0;
			defaultConfigurationName = Release;
		};
/* End XCConfigurationList section */

/* Begin XCVersionGroup section */
		17C3CB5322BC144B00C193D3 /* DataModel.xcdatamodeld */ = {
			isa = XCVersionGroup;
			children = (
				17C3CB5422BC144B00C193D3 /* DataModel.xcdatamodel */,
			);
			currentVersion = 17C3CB5422BC144B00C193D3 /* DataModel.xcdatamodel */;
			path = DataModel.xcdatamodeld;
			sourceTree = "<group>";
			versionGroupType = wrapper.xcdatamodel;
		};
/* End XCVersionGroup section */
	};
	rootObject = 175BAB1222B9393B00A8624D /* Project object */;
}
